
Microsoft Visual Studio Solution File, Format Version 12.00
# Visual Studio Version 17
VisualStudioVersion = 17.7.34031.279
MinimumVisualStudioVersion = 10.0.40219.1
Project("{FAE04EC0-301F-11D3-BF4B-00C04F79EFBC}") = "CAInterface", "CAInterface.csproj", "{D5CC3A6C-24E0-4B40-8950-6F31B619C98F}"
EndProject
Global
	GlobalSection(SolutionConfigurationPlatforms) = preSolution
		Debug|Any CPU = Debug|Any CPU
		Release|Any CPU = Release|Any CPU
	EndGlobalSection
	GlobalSection(ProjectConfigurationPlatforms) = postSolution
		{D5CC3A6C-24E0-4B40-8950-6F31B619C98F}.Debug|Any CPU.ActiveCfg = Debug|Any CPU
		{D5CC3A6C-24E0-4B40-8950-6F31B619C98F}.Debug|Any CPU.Build.0 = Debug|Any CPU
		{D5CC3A6C-24E0-4B40-8950-6F31B619C98F}.Release|Any CPU.ActiveCfg = Release|Any CPU
		{D5CC3A6C-24E0-4B40-8950-6F31B619C98F}.Release|Any CPU.Build.0 = Release|Any CPU
	EndGlobalSection
	GlobalSection(SolutionProperties) = preSolution
		HideSolutionNode = FALSE
	EndGlobalSection
	GlobalSection(ExtensibilityGlobals) = postSolution
		SolutionGuid = {BB0FEAD3-F933-4AB8-89F6-F985E39CB52C}
	EndGlobalSection
EndGlobal
